
Microsoft Visual Studio Solution File, Format Version 12.00
# Visual Studio 2012
Project("{FAE04EC0-301F-11D3-BF4B-00C04F79EFBC}") = "Service", "Service\Service.csproj", "{BBEEA21F-7A86-4B5A-9130-78F4E8584A0B}"
EndProject
Global
	GlobalSection(SolutionConfigurationPlatforms) = preSolution
		Debug|Any CPU = Debug|Any CPU
		Release|Any CPU = Release|Any CPU
	EndGlobalSection
	GlobalSection(ProjectConfigurationPlatforms) = postSolution
		{BBEEA21F-7A86-4B5A-9130-78F4E8584A0B}.Debug|Any CPU.ActiveCfg = Debug|Any CPU
		{BBEEA21F-7A86-4B5A-9130-78F4E8584A0B}.Debug|Any CPU.Build.0 = Debug|Any CPU
		{BBEEA21F-7A86-4B5A-9130-78F4E8584A0B}.Release|Any CPU.ActiveCfg = Release|Any CPU
		{BBEEA21F-7A86-4B5A-9130-78F4E8584A0B}.Release|Any CPU.Build.0 = Release|Any CPU
	EndGlobalSection
	GlobalSection(SolutionProperties) = preSolution
		HideSolutionNode = FALSE
	EndGlobalSection
EndGlobal
